// !$*UTF8*$!
{
	archiveVersion = 1;
	classes = {
	};
	objectVersion = 48;
	objects = {

/* Begin PBXBuildFile section */
		CE5D2B781F460BE6000BA80E /* AppDelegate.swift in Sources */ = {isa = PBXBuildFile; fileRef = CE5D2B771F460BE6000BA80E /* AppDelegate.swift */; };
		CE5D2B7A1F460BE6000BA80E /* ViewController.swift in Sources */ = {isa = PBXBuildFile; fileRef = CE5D2B791F460BE6000BA80E /* ViewController.swift */; };
		CE5D2B7D1F460BE6000BA80E /* Main.storyboard in Resources */ = {isa = PBXBuildFile; fileRef = CE5D2B7B1F460BE6000BA80E /* Main.storyboard */; };
		CE5D2B7F1F460BE6000BA80E /* Assets.xcassets in Resources */ = {isa = PBXBuildFile; fileRef = CE5D2B7E1F460BE6000BA80E /* Assets.xcassets */; };
		CE5D2B821F460BE6000BA80E /* LaunchScreen.storyboard in Resources */ = {isa = PBXBuildFile; fileRef = CE5D2B801F460BE6000BA80E /* LaunchScreen.storyboard */; };
/* End PBXBuildFile section */

/* Begin PBXFileReference section */
		CE5D2B741F460BE6000BA80E /* ArMeasureDemo.app */ = {isa = PBXFileReference; explicitFileType = wrapper.application; includeInIndex = 0; path = ArMeasureDemo.app; sourceTree = BUILT_PRODUCTS_DIR; };
		CE5D2B771F460BE6000BA80E /* AppDelegate.swift */ = {isa = PBXFileReference; lastKnownFileType = sourcecode.swift; path = AppDelegate.swift; sourceTree = "<group>"; };
		CE5D2B791F460BE6000BA80E /* ViewController.swift */ = {isa = PBXFileReference; lastKnownFileType = sourcecode.swift; path = ViewController.swift; sourceTree = "<group>"; };
		CE5D2B7C1F460BE6000BA80E /* Base */ = {isa = PBXFileReference; lastKnownFileType = file.storyboard; name = Base; path = Base.lproj/Main.storyboard; sourceTree = "<group>"; };
		CE5D2B7E1F460BE6000BA80E /* Assets.xcassets */ = {isa = PBXFileReference; lastKnownFileType = folder.assetcatalog; path = Assets.xcassets; sourceTree = "<group>"; };
		CE5D2B811F460BE6000BA80E /* Base */ = {isa = PBXFileReference; lastKnownFileType = file.storyboard; name = Base; path = Base.lproj/LaunchScreen.storyboard; sourceTree = "<group>"; };
		CE5D2B831F460BE6000BA80E /* Info.plist */ = {isa = PBXFileReference; lastKnownFileType = text.plist.xml; path = Info.plist; sourceTree = "<group>"; };
/* End PBXFileReference section */

/* Begin PBXFrameworksBuildPhase section */
		CE5D2B711F460BE6000BA80E /* Frameworks */ = {
			isa = PBXFrameworksBuildPhase;
			buildActionMask = 2147483647;
			files = (
			);
			runOnlyForDeploymentPostprocessing = 0;
		};
/* End PBXFrameworksBuildPhase section */

/* Begin PBXGroup section */
		CE5D2B6B1F460BE6000BA80E = {
			isa = PBXGroup;
			children = (
				CE5D2B761F460BE6000BA80E /* ArMeasureDemo */,
				CE5D2B751F460BE6000BA80E /* Products */,
			);
			sourceTree = "<group>";
		};
		CE5D2B751F460BE6000BA80E /* Products */ = {
			isa = PBXGroup;
			children = (
				CE5D2B741F460BE6000BA80E /* ArMeasureDemo.app */,
			);
			name = Products;
			sourceTree = "<group>";
		};
		CE5D2B761F460BE6000BA80E /* ArMeasureDemo */ = {
			isa = PBXGroup;
			children = (
				CE5D2B771F460BE6000BA80E /* AppDelegate.swift */,
				CE5D2B791F460BE6000BA80E /* ViewController.swift */,
				CE5D2B7B1F460BE6000BA80E /* Main.storyboard */,
				CE5D2B7E1F460BE6000BA80E /* Assets.xcassets */,
				CE5D2B801F460BE6000BA80E /* LaunchScreen.storyboard */,
				CE5D2B831F460BE6000BA80E /* Info.plist */,
			);
			path = ArMeasureDemo;
			sourceTree = "<group>";
		};
/* End PBXGroup section */

/* Begin PBXNativeTarget section */
		CE5D2B731F460BE6000BA80E /* ArMeasureDemo */ = {
			isa = PBXNativeTarget;
			buildConfigurationList = CE5D2B861F460BE6000BA80E /* Build configuration list for PBXNativeTarget "ArMeasureDemo" */;
			buildPhases = (
				CE5D2B701F460BE6000BA80E /* Sources */,
				CE5D2B711F460BE6000BA80E /* Frameworks */,
				CE5D2B721F460BE6000BA80E /* Resources */,
			);
			buildRules = (
			);
			dependencies = (
			);
			name = ArMeasureDemo;
			productName = ArMeasureDemo;
			productReference = CE5D2B741F460BE6000BA80E /* ArMeasureDemo.app */;
			productType = "com.apple.product-type.application";
		};
/* End PBXNativeTarget section */

/* Begin PBXProject section */
		CE5D2B6C1F460BE6000BA80E /* Project object */ = {
			isa = PBXProject;
			attributes = {
				LastSwiftUpdateCheck = 0900;
				LastUpgradeCheck = 0900;
				ORGANIZATIONNAME = "Igor K";
				TargetAttributes = {
					CE5D2B731F460BE6000BA80E = {
						CreatedOnToolsVersion = 9.0;
					};
				};
			};
			buildConfigurationList = CE5D2B6F1F460BE6000BA80E /* Build configuration list for PBXProject "ArMeasureDemo" */;
			compatibilityVersion = "Xcode 8.0";
			developmentRegion = en;
			hasScannedForEncodings = 0;
			knownRegions = (
				en,
				Base,
			);
			mainGroup = CE5D2B6B1F460BE6000BA80E;
			productRefGroup = CE5D2B751F460BE6000BA80E /* Products */;
			projectDirPath = "";
			projectRoot = "";
			targets = (
				CE5D2B731F460BE6000BA80E /* ArMeasureDemo */,
			);
		};
/* End PBXProject section */

/* Begin PBXResourcesBuildPhase section */
		CE5D2B721F460BE6000BA80E /* Resources */ = {
			isa = PBXResourcesBuildPhase;
			buildActionMask = 2147483647;
			files = (
				CE5D2B821F460BE6000BA80E /* LaunchScreen.storyboard in Resources */,
				CE5D2B7F1F460BE6000BA80E /* Assets.xcassets in Resources */,
				CE5D2B7D1F460BE6000BA80E /* Main.storyboard in Resources */,
			);
			runOnlyForDeploymentPostprocessing = 0;
		};
/* End PBXResourcesBuildPhase section */

/* Begin PBXSourcesBuildPhase section */
		CE5D2B701F460BE6000BA80E /* Sources */ = {
			isa = PBXSourcesBuildPhase;
			buildActionMask = 2147483647;
			files = (
				CE5D2B7A1F460BE6000BA80E /* ViewController.swift in Sources */,
				CE5D2B781F460BE6000BA80E /* AppDelegate.swift in Sources */,
			);
			runOnlyForDeploymentPostprocessing = 0;
		};
/* End PBXSourcesBuildPhase section */

/* Begin PBXVariantGroup section */
		CE5D2B7B1F460BE6000BA80E /* Main.storyboard */ = {
			isa = PBXVariantGroup;
			children = (
				CE5D2B7C1F460BE6000BA80E /* Base */,
			);
			name = Main.storyboard;
			sourceTree = "<group>";
		};
		CE5D2B801F460BE6000BA80E /* LaunchScreen.storyboard */ = {
			isa = PBXVariantGroup;
			children = (
				CE5D2B811F460BE6000BA80E /* Base */,
			);
			name = LaunchScreen.storyboard;
			sourceTree = "<group>";
		};
/* End PBXVariantGroup section */

/* Begin XCBuildConfiguration section */
		CE5D2B841F460BE6000BA80E /* Debug */ = {
			isa = XCBuildConfiguration;
			buildSettings = {
				ALWAYS_SEARCH_USER_PATHS = NO;
				CLANG_ANALYZER_NONNULL = YES;
				CLANG_ANALYZER_NUMBER_OBJECT_CONVERSION = YES_AGGRESSIVE;
				CLANG_CXX_LANGUAGE_STANDARD = "gnu++14";
				CLANG_CXX_LIBRARY = "libc++";
				CLANG_ENABLE_MODULES = YES;
				CLANG_ENABLE_OBJC_ARC = YES;
				CLANG_WARN_BLOCK_CAPTURE_AUTORELEASING = YES;
				CLANG_WARN_BOOL_CONVERSION = YES;
				CLANG_WARN_COMMA = YES;
				CLANG_WARN_CONSTANT_CONVERSION = YES;
				CLANG_WARN_DIRECT_OBJC_ISA_USAGE = YES_ERROR;
				CLANG_WARN_DOCUMENTATION_COMMENTS = YES;
				CLANG_WARN_EMPTY_BODY = YES;
				CLANG_WARN_ENUM_CONVERSION = YES;
				CLANG_WARN_INFINITE_RECURSION = YES;
				CLANG_WARN_INT_CONVERSION = YES;
				CLANG_WARN_NON_LITERAL_NULL_CONVERSION = YES;
				CLANG_WARN_OBJC_LITERAL_CONVERSION = YES;
				CLANG_WARN_OBJC_ROOT_CLASS = YES_ERROR;
				CLANG_WARN_RANGE_LOOP_ANALYSIS = YES;
				CLANG_WARN_STRICT_PROTOTYPES = YES;
				CLANG_WARN_SUSPICIOUS_MOVE = YES;
				CLANG_WARN_UNGUARDED_AVAILABILITY = YES_AGGRESSIVE;
				CLANG_WARN_UNREACHABLE_CODE = YES;
				CLANG_WARN__DUPLICATE_METHOD_MATCH = YES;
				CODE_SIGN_IDENTITY = "iPhone Developer";
				COPY_PHASE_STRIP = NO;
				DEBUG_INFORMATION_FORMAT = dwarf;
				ENABLE_STRICT_OBJC_MSGSEND = YES;
				ENABLE_TESTABILITY = YES;
				GCC_C_LANGUAGE_STANDARD = gnu11;
				GCC_DYNAMIC_NO_PIC = NO;
				GCC_NO_COMMON_BLOCKS = YES;
				GCC_OPTIMIZATION_LEVEL = 0;
				GCC_PREPROCESSOR_DEFINITIONS = (
					"DEBUG=1",
					"$(inherited)",
				);
				GCC_WARN_64_TO_32_BIT_CONVERSION = YES;
				GCC_WARN_ABOUT_RETURN_TYPE = YES_ERROR;
				GCC_WARN_UNDECLARED_SELECTOR = YES;
				GCC_WARN_UNINITIALIZED_AUTOS = YES_AGGRESSIVE;
				GCC_WARN_UNUSED_FUNCTION = YES;
				GCC_WARN_UNUSED_VARIABLE = YES;
				IPHONEOS_DEPLOYMENT_TARGET = 11.0;
				MTL_ENABLE_DEBUG_INFO = YES;
				ONLY_ACTIVE_ARCH = YES;
				SDKROOT = iphoneos;
				SWIFT_ACTIVE_COMPILATION_CONDITIONS = DEBUG;
				SWIFT_OPTIMIZATION_LEVEL = "-Onone";
			};
			name = Debug;
		};
		CE5D2B851F460BE6000BA80E /* Release */ = {
			isa = XCBuildConfiguration;
			buildSettings = {
				ALWAYS_SEARCH_USER_PATHS = NO;
				CLANG_ANALYZER_NONNULL = YES;
				CLANG_ANALYZER_NUMBER_OBJECT_CONVERSION = YES_AGGRESSIVE;
				CLANG_CXX_LANGUAGE_STANDARD = "gnu++14";
				CLANG_CXX_LIBRARY = "libc++";
				CLANG_ENABLE_MODULES = YES;
				CLANG_ENABLE_OBJC_ARC = YES;
				CLANG_WARN_BLOCK_CAPTURE_AUTORELEASING = YES;
				CLANG_WARN_BOOL_CONVERSION = YES;
				CLANG_WARN_COMMA = YES;
				CLANG_WARN_CONSTANT_CONVERSION = YES;
				CLANG_WARN_DIRECT_OBJC_ISA_USAGE = YES_ERROR;
				CLANG_WARN_DOCUMENTATION_COMMENTS = YES;
				CLANG_WARN_EMPTY_BODY = YES;
				CLANG_WARN_ENUM_CONVERSION = YES;
				CLANG_WARN_INFINITE_RECURSION = YES;
				CLANG_WARN_INT_CONVERSION = YES;
				CLANG_WARN_NON_LITERAL_NULL_CONVERSION = YES;
				CLANG_WARN_OBJC_LITERAL_CONVERSION = YES;
				CLANG_WARN_OBJC_ROOT_CLASS = YES_ERROR;
				CLANG_WARN_RANGE_LOOP_ANALYSIS = YES;
				CLANG_WARN_STRICT_PROTOTYPES = YES;
				CLANG_WARN_SUSPICIOUS_MOVE = YES;
				CLANG_WARN_UNGUARDED_AVAILABILITY = YES_AGGRESSIVE;
				CLANG_WARN_UNREACHABLE_CODE = YES;
				CLANG_WARN__DUPLICATE_METHOD_MATCH = YES;
				CODE_SIGN_IDENTITY = "iPhone Developer";
				COPY_PHASE_STRIP = NO;
				DEBUG_INFORMATION_FORMAT = "dwarf-with-dsym";
				ENABLE_NS_ASSERTIONS = NO;
				ENABLE_STRICT_OBJC_MSGSEND = YES;
				GCC_C_LANGUAGE_STANDARD = gnu11;
				GCC_NO_COMMON_BLOCKS = YES;
				GCC_WARN_64_TO_32_BIT_CONVERSION = YES;
				GCC_WARN_ABOUT_RETURN_TYPE = YES_ERROR;
				GCC_WARN_UNDECLARED_SELECTOR = YES;
				GCC_WARN_UNINITIALIZED_AUTOS = YES_AGGRESSIVE;
				GCC_WARN_UNUSED_FUNCTION = YES;
				GCC_WARN_UNUSED_VARIABLE = YES;
				IPHONEOS_DEPLOYMENT_TARGET = 11.0;
				MTL_ENABLE_DEBUG_INFO = NO;
				SDKROOT = iphoneos;
				SWIFT_OPTIMIZATION_LEVEL = "-Owholemodule";
				VALIDATE_PRODUCT = YES;
			};
			name = Release;
		};
		CE5D2B871F460BE6000BA80E /* Debug */ = {
			isa = XCBuildConfiguration;
			buildSettings = {
				ASSETCATALOG_COMPILER_APPICON_NAME = AppIcon;
				DEVELOPMENT_TEAM = FVJJG64985;
				INFOPLIST_FILE = ArMeasureDemo/Info.plist;
				LD_RUNPATH_SEARCH_PATHS = "$(inherited) @executable_path/Frameworks";
				PRODUCT_BUNDLE_IDENTIFIER = com.igorkravtsov.ArMeasureDemo;
				PRODUCT_NAME = "$(TARGET_NAME)";
				SWIFT_VERSION = 4.0;
				TARGETED_DEVICE_FAMILY = "1,2";
			};
			name = Debug;
		};
		CE5D2B881F460BE6000BA80E /* Release */ = {
			isa = XCBuildConfiguration;
			buildSettings = {
				ASSETCATALOG_COMPILER_APPICON_NAME = AppIcon;
				DEVELOPMENT_TEAM = FVJJG64985;
				INFOPLIST_FILE = ArMeasureDemo/Info.plist;
				LD_RUNPATH_SEARCH_PATHS = "$(inherited) @executable_path/Frameworks";
				PRODUCT_BUNDLE_IDENTIFIER = com.igorkravtsov.ArMeasureDemo;
				PRODUCT_NAME = "$(TARGET_NAME)";
				SWIFT_VERSION = 4.0;
				TARGETED_DEVICE_FAMILY = "1,2";
			};
			name = Release;
		};
/* End XCBuildConfiguration section */

/* Begin XCConfigurationList section */
		CE5D2B6F1F460BE6000BA80E /* Build configuration list for PBXProject "ArMeasureDemo" */ = {
			isa = XCConfigurationList;
			buildConfigurations = (
				CE5D2B841F460BE6000BA80E /* Debug */,
				CE5D2B851F460BE6000BA80E /* Release */,
			);
			defaultConfigurationIsVisible = 0;
			defaultConfigurationName = Release;
		};
		CE5D2B861F460BE6000BA80E /* Build configuration list for PBXNativeTarget "ArMeasureDemo" */ = {
			isa = XCConfigurationList;
			buildConfigurations = (
				CE5D2B871F460BE6000BA80E /* Debug */,
				CE5D2B881F460BE6000BA80E /* Release */,
			);
			defaultConfigurationIsVisible = 0;
			defaultConfigurationName = Release;
		};
/* End XCConfigurationList section */
	};
	rootObject = CE5D2B6C1F460BE6000BA80E /* Project object */;
}
